// !$*UTF8*$!
{
	archiveVersion = 1;
	classes = {
	};
	objectVersion = 46;
	objects = {

/* Begin PBXBuildFile section */
		881481BD1CFD13C000EC3C61 /* AppDelegate.swift in Sources */ = {isa = PBXBuildFile; fileRef = 881481BC1CFD13C000EC3C61 /* AppDelegate.swift */; };
		881481BF1CFD13C000EC3C61 /* ViewController.swift in Sources */ = {isa = PBXBuildFile; fileRef = 881481BE1CFD13C000EC3C61 /* ViewController.swift */; };
		881481C21CFD13C000EC3C61 /* Main.storyboard in Resources */ = {isa = PBXBuildFile; fileRef = 881481C01CFD13C000EC3C61 /* Main.storyboard */; };
		881481C41CFD13C000EC3C61 /* Assets.xcassets in Resources */ = {isa = PBXBuildFile; fileRef = 881481C31CFD13C000EC3C61 /* Assets.xcassets */; };
		881481C71CFD13C000EC3C61 /* LaunchScreen.storyboard in Resources */ = {isa = PBXBuildFile; fileRef = 881481C51CFD13C000EC3C61 /* LaunchScreen.storyboard */; };
		881481D21CFD13C000EC3C61 /* WWDC_2016Tests.swift in Sources */ = {isa = PBXBuildFile; fileRef = 881481D11CFD13C000EC3C61 /* WWDC_2016Tests.swift */; };
		881481DD1CFD13C000EC3C61 /* WWDC_2016UITests.swift in Sources */ = {isa = PBXBuildFile; fileRef = 881481DC1CFD13C000EC3C61 /* WWDC_2016UITests.swift */; };
		881481ED1CFD146600EC3C61 /* IMG_6107 2.PNG in Resources */ = {isa = PBXBuildFile; fileRef = 881481EC1CFD146600EC3C61 /* IMG_6107 2.PNG */; };
		881481EF1CFD149B00EC3C61 /* IMG_6107.PNG in Resources */ = {isa = PBXBuildFile; fileRef = 881481EE1CFD149B00EC3C61 /* IMG_6107.PNG */; };
		889920E21D024EE6004DD890 /* 1920x1080-black-solid-color-background.jpg in Resources */ = {isa = PBXBuildFile; fileRef = 889920E11D024EE6004DD890 /* 1920x1080-black-solid-color-background.jpg */; };
		88A2EE221CFF84490011BEF3 /* EventsViewCOntroller.swift in Sources */ = {isa = PBXBuildFile; fileRef = 88A2EE211CFF84490011BEF3 /* EventsViewCOntroller.swift */; };
		88C75E351CFF3056000E05E4 /* 1024px-Apple_iOS_new.svg.png in Resources */ = {isa = PBXBuildFile; fileRef = 88C75E341CFF3056000E05E4 /* 1024px-Apple_iOS_new.svg.png */; };
		88C75E371CFF3077000E05E4 /* el-capitan.png in Resources */ = {isa = PBXBuildFile; fileRef = 88C75E361CFF3077000E05E4 /* el-capitan.png */; };
/* End PBXBuildFile section */

/* Begin PBXContainerItemProxy section */
		881481CE1CFD13C000EC3C61 /* PBXContainerItemProxy */ = {
			isa = PBXContainerItemProxy;
			containerPortal = 881481B11CFD13C000EC3C61 /* Project object */;
			proxyType = 1;
			remoteGlobalIDString = 881481B81CFD13C000EC3C61;
			remoteInfo = "WWDC 2016";
		};
		881481D91CFD13C000EC3C61 /* PBXContainerItemProxy */ = {
			isa = PBXContainerItemProxy;
			containerPortal = 881481B11CFD13C000EC3C61 /* Project object */;
			proxyType = 1;
			remoteGlobalIDString = 881481B81CFD13C000EC3C61;
			remoteInfo = "WWDC 2016";
		};
/* End PBXContainerItemProxy section */

/* Begin PBXFileReference section */
		881481B91CFD13C000EC3C61 /* WWDC 2016.app */ = {isa = PBXFileReference; explicitFileType = wrapper.application; includeInIndex = 0; path = "WWDC 2016.app"; sourceTree = BUILT_PRODUCTS_DIR; };
		881481BC1CFD13C000EC3C61 /* AppDelegate.swift */ = {isa = PBXFileReference; lastKnownFileType = sourcecode.swift; path = AppDelegate.swift; sourceTree = "<group>"; };
		881481BE1CFD13C000EC3C61 /* ViewController.swift */ = {isa = PBXFileReference; lastKnownFileType = sourcecode.swift; path = ViewController.swift; sourceTree = "<group>"; };
		881481C11CFD13C000EC3C61 /* Base */ = {isa = PBXFileReference; lastKnownFileType = file.storyboard; name = Base; path = Base.lproj/Main.storyboard; sourceTree = "<group>"; };
		881481C31CFD13C000EC3C61 /* Assets.xcassets */ = {isa = PBXFileReference; lastKnownFileType = folder.assetcatalog; path = Assets.xcassets; sourceTree = "<group>"; };
		881481C61CFD13C000EC3C61 /* Base */ = {isa = PBXFileReference; lastKnownFileType = file.storyboard; name = Base; path = Base.lproj/LaunchScreen.storyboard; sourceTree = "<group>"; };
		881481C81CFD13C000EC3C61 /* Info.plist */ = {isa = PBXFileReference; lastKnownFileType = text.plist.xml; path = Info.plist; sourceTree = "<group>"; };
		881481CD1CFD13C000EC3C61 /* WWDC 2016Tests.xctest */ = {isa = PBXFileReference; explicitFileType = wrapper.cfbundle; includeInIndex = 0; path = "WWDC 2016Tests.xctest"; sourceTree = BUILT_PRODUCTS_DIR; };
		881481D11CFD13C000EC3C61 /* WWDC_2016Tests.swift */ = {isa = PBXFileReference; lastKnownFileType = sourcecode.swift; path = WWDC_2016Tests.swift; sourceTree = "<group>"; };
		881481D31CFD13C000EC3C61 /* Info.plist */ = {isa = PBXFileReference; lastKnownFileType = text.plist.xml; path = Info.plist; sourceTree = "<group>"; };
		881481D81CFD13C000EC3C61 /* WWDC 2016UITests.xctest */ = {isa = PBXFileReference; explicitFileType = wrapper.cfbundle; includeInIndex = 0; path = "WWDC 2016UITests.xctest"; sourceTree = BUILT_PRODUCTS_DIR; };
		881481DC1CFD13C000EC3C61 /* WWDC_2016UITests.swift */ = {isa = PBXFileReference; lastKnownFileType = sourcecode.swift; path = WWDC_2016UITests.swift; sourceTree = "<group>"; };
		881481DE1CFD13C100EC3C61 /* Info.plist */ = {isa = PBXFileReference; lastKnownFileType = text.plist.xml; path = Info.plist; sourceTree = "<group>"; };
		881481EC1CFD146600EC3C61 /* IMG_6107 2.PNG */ = {isa = PBXFileReference; lastKnownFileType = image.png; path = "IMG_6107 2.PNG"; sourceTree = "<group>"; };
		881481EE1CFD149B00EC3C61 /* IMG_6107.PNG */ = {isa = PBXFileReference; lastKnownFileType = image.png; path = IMG_6107.PNG; sourceTree = "<group>"; };
		889920E11D024EE6004DD890 /* 1920x1080-black-solid-color-background.jpg */ = {isa = PBXFileReference; lastKnownFileType = image.jpeg; path = "1920x1080-black-solid-color-background.jpg"; sourceTree = "<group>"; };
		88A2EE211CFF84490011BEF3 /* EventsViewCOntroller.swift */ = {isa = PBXFileReference; fileEncoding = 4; lastKnownFileType = sourcecode.swift; path = EventsViewCOntroller.swift; sourceTree = "<group>"; };
		88C75E341CFF3056000E05E4 /* 1024px-Apple_iOS_new.svg.png */ = {isa = PBXFileReference; lastKnownFileType = image.png; path = "1024px-Apple_iOS_new.svg.png"; sourceTree = "<group>"; };
		88C75E361CFF3077000E05E4 /* el-capitan.png */ = {isa = PBXFileReference; lastKnownFileType = image.png; path = "el-capitan.png"; sourceTree = "<group>"; };
/* End PBXFileReference section */

/* Begin PBXFrameworksBuildPhase section */
		881481B61CFD13C000EC3C61 /* Frameworks */ = {
			isa = PBXFrameworksBuildPhase;
			buildActionMask = 2147483647;
			files = (
			);
			runOnlyForDeploymentPostprocessing = 0;
		};
		881481CA1CFD13C000EC3C61 /* Frameworks */ = {
			isa = PBXFrameworksBuildPhase;
			buildActionMask = 2147483647;
			files = (
			);
			runOnlyForDeploymentPostprocessing = 0;
		};
		881481D51CFD13C000EC3C61 /* Frameworks */ = {
			isa = PBXFrameworksBuildPhase;
			buildActionMask = 2147483647;
			files = (
			);
			runOnlyForDeploymentPostprocessing = 0;
		};
/* End PBXFrameworksBuildPhase section */

/* Begin PBXGroup section */
		881481B01CFD13C000EC3C61 = {
			isa = PBXGroup;
			children = (
				881481BB1CFD13C000EC3C61 /* WWDC 2016 */,
				881481D01CFD13C000EC3C61 /* WWDC 2016Tests */,
				881481DB1CFD13C000EC3C61 /* WWDC 2016UITests */,
				881481BA1CFD13C000EC3C61 /* Products */,
			);
			sourceTree = "<group>";
		};
		881481BA1CFD13C000EC3C61 /* Products */ = {
			isa = PBXGroup;
			children = (
				881481B91CFD13C000EC3C61 /* WWDC 2016.app */,
				881481CD1CFD13C000EC3C61 /* WWDC 2016Tests.xctest */,
				881481D81CFD13C000EC3C61 /* WWDC 2016UITests.xctest */,
			);
			name = Products;
			sourceTree = "<group>";
		};
		881481BB1CFD13C000EC3C61 /* WWDC 2016 */ = {
			isa = PBXGroup;
			children = (
				881481BC1CFD13C000EC3C61 /* AppDelegate.swift */,
				881481BE1CFD13C000EC3C61 /* ViewController.swift */,
				881481C01CFD13C000EC3C61 /* Main.storyboard */,
				88A2EE211CFF84490011BEF3 /* EventsViewCOntroller.swift */,
				881481C31CFD13C000EC3C61 /* Assets.xcassets */,
				881481C51CFD13C000EC3C61 /* LaunchScreen.storyboard */,
				881481C81CFD13C000EC3C61 /* Info.plist */,
				88C75E361CFF3077000E05E4 /* el-capitan.png */,
				88C75E341CFF3056000E05E4 /* 1024px-Apple_iOS_new.svg.png */,
				881481EE1CFD149B00EC3C61 /* IMG_6107.PNG */,
				889920E11D024EE6004DD890 /* 1920x1080-black-solid-color-background.jpg */,
				881481EC1CFD146600EC3C61 /* IMG_6107 2.PNG */,
			);
			path = "WWDC 2016";
			sourceTree = "<group>";
		};
		881481D01CFD13C000EC3C61 /* WWDC 2016Tests */ = {
			isa = PBXGroup;
			children = (
				881481D11CFD13C000EC3C61 /* WWDC_2016Tests.swift */,
				881481D31CFD13C000EC3C61 /* Info.plist */,
			);
			path = "WWDC 2016Tests";
			sourceTree = "<group>";
		};
		881481DB1CFD13C000EC3C61 /* WWDC 2016UITests */ = {
			isa = PBXGroup;
			children = (
				881481DC1CFD13C000EC3C61 /* WWDC_2016UITests.swift */,
				881481DE1CFD13C100EC3C61 /* Info.plist */,
			);
			path = "WWDC 2016UITests";
			sourceTree = "<group>";
		};
/* End PBXGroup section */

/* Begin PBXNativeTarget section */
		881481B81CFD13C000EC3C61 /* WWDC 2016 */ = {
			isa = PBXNativeTarget;
			buildConfigurationList = 881481E11CFD13C100EC3C61 /* Build configuration list for PBXNativeTarget "WWDC 2016" */;
			buildPhases = (
				881481B51CFD13C000EC3C61 /* Sources */,
				881481B61CFD13C000EC3C61 /* Frameworks */,
				881481B71CFD13C000EC3C61 /* Resources */,
			);
			buildRules = (
			);
			dependencies = (
			);
			name = "WWDC 2016";
			productName = "WWDC 2016";
			productReference = 881481B91CFD13C000EC3C61 /* WWDC 2016.app */;
			productType = "com.apple.product-type.application";
		};
		881481CC1CFD13C000EC3C61 /* WWDC 2016Tests */ = {
			isa = PBXNativeTarget;
			buildConfigurationList = 881481E41CFD13C100EC3C61 /* Build configuration list for PBXNativeTarget "WWDC 2016Tests" */;
			buildPhases = (
				881481C91CFD13C000EC3C61 /* Sources */,
				881481CA1CFD13C000EC3C61 /* Frameworks */,
				881481CB1CFD13C000EC3C61 /* Resources */,
			);
			buildRules = (
			);
			dependencies = (
				881481CF1CFD13C000EC3C61 /* PBXTargetDependency */,
			);
			name = "WWDC 2016Tests";
			productName = "WWDC 2016Tests";
			productReference = 881481CD1CFD13C000EC3C61 /* WWDC 2016Tests.xctest */;
			productType = "com.apple.product-type.bundle.unit-test";
		};
		881481D71CFD13C000EC3C61 /* WWDC 2016UITests */ = {
			isa = PBXNativeTarget;
			buildConfigurationList = 881481E71CFD13C100EC3C61 /* Build configuration list for PBXNativeTarget "WWDC 2016UITests" */;
			buildPhases = (
				881481D41CFD13C000EC3C61 /* Sources */,
				881481D51CFD13C000EC3C61 /* Frameworks */,
				881481D61CFD13C000EC3C61 /* Resources */,
			);
			buildRules = (
			);
			dependencies = (
				881481DA1CFD13C000EC3C61 /* PBXTargetDependency */,
			);
			name = "WWDC 2016UITests";
			productName = "WWDC 2016UITests";
			productReference = 881481D81CFD13C000EC3C61 /* WWDC 2016UITests.xctest */;
			productType = "com.apple.product-type.bundle.ui-testing";
		};
/* End PBXNativeTarget section */

/* Begin PBXProject section */
		881481B11CFD13C000EC3C61 /* Project object */ = {
			isa = PBXProject;
			attributes = {
				LastSwiftUpdateCheck = 0730;
				LastUpgradeCheck = 0730;
				ORGANIZATIONNAME = "Joonwoo Kim";
				TargetAttributes = {
					881481B81CFD13C000EC3C61 = {
						CreatedOnToolsVersion = 7.3.1;
					};
					881481CC1CFD13C000EC3C61 = {
						CreatedOnToolsVersion = 7.3.1;
						TestTargetID = 881481B81CFD13C000EC3C61;
					};
					881481D71CFD13C000EC3C61 = {
						CreatedOnToolsVersion = 7.3.1;
						TestTargetID = 881481B81CFD13C000EC3C61;
					};
				};
			};
			buildConfigurationList = 881481B41CFD13C000EC3C61 /* Build configuration list for PBXProject "WWDC 2016" */;
			compatibilityVersion = "Xcode 3.2";
			developmentRegion = English;
			hasScannedForEncodings = 0;
			knownRegions = (
				en,
				Base,
			);
			mainGroup = 881481B01CFD13C000EC3C61;
			productRefGroup = 881481BA1CFD13C000EC3C61 /* Products */;
			projectDirPath = "";
			projectRoot = "";
			targets = (
				881481B81CFD13C000EC3C61 /* WWDC 2016 */,
				881481CC1CFD13C000EC3C61 /* WWDC 2016Tests */,
				881481D71CFD13C000EC3C61 /* WWDC 2016UITests */,
			);
		};
/* End PBXProject section */

/* Begin PBXResourcesBuildPhase section */
		881481B71CFD13C000EC3C61 /* Resources */ = {
			isa = PBXResourcesBuildPhase;
			buildActionMask = 2147483647;
			files = (
				88C75E351CFF3056000E05E4 /* 1024px-Apple_iOS_new.svg.png in Resources */,
				889920E21D024EE6004DD890 /* 1920x1080-black-solid-color-background.jpg in Resources */,
				881481ED1CFD146600EC3C61 /* IMG_6107 2.PNG in Resources */,
				881481EF1CFD149B00EC3C61 /* IMG_6107.PNG in Resources */,
				881481C71CFD13C000EC3C61 /* LaunchScreen.storyboard in Resources */,
				881481C41CFD13C000EC3C61 /* Assets.xcassets in Resources */,
				88C75E371CFF3077000E05E4 /* el-capitan.png in Resources */,
				881481C21CFD13C000EC3C61 /* Main.storyboard in Resources */,
			);
			runOnlyForDeploymentPostprocessing = 0;
		};
		881481CB1CFD13C000EC3C61 /* Resources */ = {
			isa = PBXResourcesBuildPhase;
			buildActionMask = 2147483647;
			files = (
			);
			runOnlyForDeploymentPostprocessing = 0;
		};
		881481D61CFD13C000EC3C61 /* Resources */ = {
			isa = PBXResourcesBuildPhase;
			buildActionMask = 2147483647;
			files = (
			);
			runOnlyForDeploymentPostprocessing = 0;
		};
/* End PBXResourcesBuildPhase section */

/* Begin PBXSourcesBuildPhase section */
		881481B51CFD13C000EC3C61 /* Sources */ = {
			isa = PBXSourcesBuildPhase;
			buildActionMask = 2147483647;
			files = (
				881481BF1CFD13C000EC3C61 /* ViewController.swift in Sources */,
				881481BD1CFD13C000EC3C61 /* AppDelegate.swift in Sources */,
				88A2EE221CFF84490011BEF3 /* EventsViewCOntroller.swift in Sources */,
			);
			runOnlyForDeploymentPostprocessing = 0;
		};
		881481C91CFD13C000EC3C61 /* Sources */ = {
			isa = PBXSourcesBuildPhase;
			buildActionMask = 2147483647;
			files = (
				881481D21CFD13C000EC3C61 /* WWDC_2016Tests.swift in Sources */,
			);
			runOnlyForDeploymentPostprocessing = 0;
		};
		881481D41CFD13C000EC3C61 /* Sources */ = {
			isa = PBXSourcesBuildPhase;
			buildActionMask = 2147483647;
			files = (
				881481DD1CFD13C000EC3C61 /* WWDC_2016UITests.swift in Sources */,
			);
			runOnlyForDeploymentPostprocessing = 0;
		};
/* End PBXSourcesBuildPhase section */

/* Begin PBXTargetDependency section */
		881481CF1CFD13C000EC3C61 /* PBXTargetDependency */ = {
			isa = PBXTargetDependency;
			target = 881481B81CFD13C000EC3C61 /* WWDC 2016 */;
			targetProxy = 881481CE1CFD13C000EC3C61 /* PBXContainerItemProxy */;
		};
		881481DA1CFD13C000EC3C61 /* PBXTargetDependency */ = {
			isa = PBXTargetDependency;
			target = 881481B81CFD13C000EC3C61 /* WWDC 2016 */;
			targetProxy = 881481D91CFD13C000EC3C61 /* PBXContainerItemProxy */;
		};
/* End PBXTargetDependency section */

/* Begin PBXVariantGroup section */
		881481C01CFD13C000EC3C61 /* Main.storyboard */ = {
			isa = PBXVariantGroup;
			children = (
				881481C11CFD13C000EC3C61 /* Base */,
			);
			name = Main.storyboard;
			sourceTree = "<group>";
		};
		881481C51CFD13C000EC3C61 /* LaunchScreen.storyboard */ = {
			isa = PBXVariantGroup;
			children = (
				881481C61CFD13C000EC3C61 /* Base */,
			);
			name = LaunchScreen.storyboard;
			sourceTree = "<group>";
		};
/* End PBXVariantGroup section */

/* Begin XCBuildConfiguration section */
		881481DF1CFD13C100EC3C61 /* Debug */ = {
			isa = XCBuildConfiguration;
			buildSettings = {
				ALWAYS_SEARCH_USER_PATHS = NO;
				CLANG_ANALYZER_NONNULL = YES;
				CLANG_CXX_LANGUAGE_STANDARD = "gnu++0x";
				CLANG_CXX_LIBRARY = "libc++";
				CLANG_ENABLE_MODULES = YES;
				CLANG_ENABLE_OBJC_ARC = YES;
				CLANG_WARN_BOOL_CONVERSION = YES;
				CLANG_WARN_CONSTANT_CONVERSION = YES;
				CLANG_WARN_DIRECT_OBJC_ISA_USAGE = YES_ERROR;
				CLANG_WARN_EMPTY_BODY = YES;
				CLANG_WARN_ENUM_CONVERSION = YES;
				CLANG_WARN_INT_CONVERSION = YES;
				CLANG_WARN_OBJC_ROOT_CLASS = YES_ERROR;
				CLANG_WARN_UNREACHABLE_CODE = YES;
				CLANG_WARN__DUPLICATE_METHOD_MATCH = YES;
				"CODE_SIGN_IDENTITY[sdk=iphoneos*]" = "iPhone Developer";
				COPY_PHASE_STRIP = NO;
				DEBUG_INFORMATION_FORMAT = dwarf;
				ENABLE_STRICT_OBJC_MSGSEND = YES;
				ENABLE_TESTABILITY = YES;
				GCC_C_LANGUAGE_STANDARD = gnu99;
				GCC_DYNAMIC_NO_PIC = NO;
				GCC_NO_COMMON_BLOCKS = YES;
				GCC_OPTIMIZATION_LEVEL = 0;
				GCC_PREPROCESSOR_DEFINITIONS = (
					"DEBUG=1",
					"$(inherited)",
				);
				GCC_WARN_64_TO_32_BIT_CONVERSION = YES;
				GCC_WARN_ABOUT_RETURN_TYPE = YES_ERROR;
				GCC_WARN_UNDECLARED_SELECTOR = YES;
				GCC_WARN_UNINITIALIZED_AUTOS = YES_AGGRESSIVE;
				GCC_WARN_UNUSED_FUNCTION = YES;
				GCC_WARN_UNUSED_VARIABLE = YES;
				IPHONEOS_DEPLOYMENT_TARGET = 9.3;
				MTL_ENABLE_DEBUG_INFO = YES;
				ONLY_ACTIVE_ARCH = YES;
				SDKROOT = iphoneos;
				SWIFT_OPTIMIZATION_LEVEL = "-Onone";
				TARGETED_DEVICE_FAMILY = "1,2";
			};
			name = Debug;
		};
		881481E01CFD13C100EC3C61 /* Release */ = {
			isa = XCBuildConfiguration;
			buildSettings = {
				ALWAYS_SEARCH_USER_PATHS = NO;
				CLANG_ANALYZER_NONNULL = YES;
				CLANG_CXX_LANGUAGE_STANDARD = "gnu++0x";
				CLANG_CXX_LIBRARY = "libc++";
				CLANG_ENABLE_MODULES = YES;
				CLANG_ENABLE_OBJC_ARC = YES;
				CLANG_WARN_BOOL_CONVERSION = YES;
				CLANG_WARN_CONSTANT_CONVERSION = YES;
				CLANG_WARN_DIRECT_OBJC_ISA_USAGE = YES_ERROR;
				CLANG_WARN_EMPTY_BODY = YES;
				CLANG_WARN_ENUM_CONVERSION = YES;
				CLANG_WARN_INT_CONVERSION = YES;
				CLANG_WARN_OBJC_ROOT_CLASS = YES_ERROR;
				CLANG_WARN_UNREACHABLE_CODE = YES;
				CLANG_WARN__DUPLICATE_METHOD_MATCH = YES;
				"CODE_SIGN_IDENTITY[sdk=iphoneos*]" = "iPhone Developer";
				COPY_PHASE_STRIP = NO;
				DEBUG_INFORMATION_FORMAT = "dwarf-with-dsym";
				ENABLE_NS_ASSERTIONS = NO;
				ENABLE_STRICT_OBJC_MSGSEND = YES;
				GCC_C_LANGUAGE_STANDARD = gnu99;
				GCC_NO_COMMON_BLOCKS = YES;
				GCC_WARN_64_TO_32_BIT_CONVERSION = YES;
				GCC_WARN_ABOUT_RETURN_TYPE = YES_ERROR;
				GCC_WARN_UNDECLARED_SELECTOR = YES;
				GCC_WARN_UNINITIALIZED_AUTOS = YES_AGGRESSIVE;
				GCC_WARN_UNUSED_FUNCTION = YES;
				GCC_WARN_UNUSED_VARIABLE = YES;
				IPHONEOS_DEPLOYMENT_TARGET = 9.3;
				MTL_ENABLE_DEBUG_INFO = NO;
				SDKROOT = iphoneos;
				TARGETED_DEVICE_FAMILY = "1,2";
				VALIDATE_PRODUCT = YES;
			};
			name = Release;
		};
		881481E21CFD13C100EC3C61 /* Debug */ = {
			isa = XCBuildConfiguration;
			buildSettings = {
				ASSETCATALOG_COMPILER_APPICON_NAME = AppIcon;
				INFOPLIST_FILE = "WWDC 2016/Info.plist";
				LD_RUNPATH_SEARCH_PATHS = "$(inherited) @executable_path/Frameworks";
				PRODUCT_BUNDLE_IDENTIFIER = "Joonwoo.WWDC-2016";
				PRODUCT_NAME = "$(TARGET_NAME)";
			};
			name = Debug;
		};
		881481E31CFD13C100EC3C61 /* Release */ = {
			isa = XCBuildConfiguration;
			buildSettings = {
				ASSETCATALOG_COMPILER_APPICON_NAME = AppIcon;
				INFOPLIST_FILE = "WWDC 2016/Info.plist";
				LD_RUNPATH_SEARCH_PATHS = "$(inherited) @executable_path/Frameworks";
				PRODUCT_BUNDLE_IDENTIFIER = "Joonwoo.WWDC-2016";
				PRODUCT_NAME = "$(TARGET_NAME)";
			};
			name = Release;
		};
		881481E51CFD13C100EC3C61 /* Debug */ = {
			isa = XCBuildConfiguration;
			buildSettings = {
				BUNDLE_LOADER = "$(TEST_HOST)";
				INFOPLIST_FILE = "WWDC 2016Tests/Info.plist";
				LD_RUNPATH_SEARCH_PATHS = "$(inherited) @executable_path/Frameworks @loader_path/Frameworks";
				PRODUCT_BUNDLE_IDENTIFIER = "Joonwoo.WWDC-2016Tests";
				PRODUCT_NAME = "$(TARGET_NAME)";
				TEST_HOST = "$(BUILT_PRODUCTS_DIR)/WWDC 2016.app/WWDC 2016";
			};
			name = Debug;
		};
		881481E61CFD13C100EC3C61 /* Release */ = {
			isa = XCBuildConfiguration;
			buildSettings = {
				BUNDLE_LOADER = "$(TEST_HOST)";
				INFOPLIST_FILE = "WWDC 2016Tests/Info.plist";
				LD_RUNPATH_SEARCH_PATHS = "$(inherited) @executable_path/Frameworks @loader_path/Frameworks";
				PRODUCT_BUNDLE_IDENTIFIER = "Joonwoo.WWDC-2016Tests";
				PRODUCT_NAME = "$(TARGET_NAME)";
				TEST_HOST = "$(BUILT_PRODUCTS_DIR)/WWDC 2016.app/WWDC 2016";
			};
			name = Release;
		};
		881481E81CFD13C100EC3C61 /* Debug */ = {
			isa = XCBuildConfiguration;
			buildSettings = {
				INFOPLIST_FILE = "WWDC 2016UITests/Info.plist";
				LD_RUNPATH_SEARCH_PATHS = "$(inherited) @executable_path/Frameworks @loader_path/Frameworks";
				PRODUCT_BUNDLE_IDENTIFIER = "Joonwoo.WWDC-2016UITests";
				PRODUCT_NAME = "$(TARGET_NAME)";
				TEST_TARGET_NAME = "WWDC 2016";
			};
			name = Debug;
		};
		881481E91CFD13C100EC3C61 /* Release */ = {
			isa = XCBuildConfiguration;
			buildSettings = {
				INFOPLIST_FILE = "WWDC 2016UITests/Info.plist";
				LD_RUNPATH_SEARCH_PATHS = "$(inherited) @executable_path/Frameworks @loader_path/Frameworks";
				PRODUCT_BUNDLE_IDENTIFIER = "Joonwoo.WWDC-2016UITests";
				PRODUCT_NAME = "$(TARGET_NAME)";
				TEST_TARGET_NAME = "WWDC 2016";
			};
			name = Release;
		};
/* End XCBuildConfiguration section */

/* Begin XCConfigurationList section */
		881481B41CFD13C000EC3C61 /* Build configuration list for PBXProject "WWDC 2016" */ = {
			isa = XCConfigurationList;
			buildConfigurations = (
				881481DF1CFD13C100EC3C61 /* Debug */,
				881481E01CFD13C100EC3C61 /* Release */,
			);
			defaultConfigurationIsVisible = 0;
			defaultConfigurationName = Release;
		};
		881481E11CFD13C100EC3C61 /* Build configuration list for PBXNativeTarget "WWDC 2016" */ = {
			isa = XCConfigurationList;
			buildConfigurations = (
				881481E21CFD13C100EC3C61 /* Debug */,
				881481E31CFD13C100EC3C61 /* Release */,
			);
			defaultConfigurationIsVisible = 0;
			defaultConfigurationName = Release;
		};
		881481E41CFD13C100EC3C61 /* Build configuration list for PBXNativeTarget "WWDC 2016Tests" */ = {
			isa = XCConfigurationList;
			buildConfigurations = (
				881481E51CFD13C100EC3C61 /* Debug */,
				881481E61CFD13C100EC3C61 /* Release */,
			);
			defaultConfigurationIsVisible = 0;
			defaultConfigurationName = Release;
		};
		881481E71CFD13C100EC3C61 /* Build configuration list for PBXNativeTarget "WWDC 2016UITests" */ = {
			isa = XCConfigurationList;
			buildConfigurations = (
				881481E81CFD13C100EC3C61 /* Debug */,
				881481E91CFD13C100EC3C61 /* Release */,
			);
			defaultConfigurationIsVisible = 0;
			defaultConfigurationName = Release;
		};
/* End XCConfigurationList section */
	};
	rootObject = 881481B11CFD13C000EC3C61 /* Project object */;
}
